
Microsoft Visual Studio Solution File, Format Version 12.00
# Visual Studio 2013
VisualStudioVersion = 12.0.40629.0
MinimumVisualStudioVersion = 10.0.40219.1
Project("{FAE04EC0-301F-11D3-BF4B-00C04F79EFBC}") = "Searching", "Searching\Searching.csproj", "{808D3606-1054-4A17-9D11-7719B6F9FF76}"
EndProject
Project("{FAE04EC0-301F-11D3-BF4B-00C04F79EFBC}") = "Algorithm", "Algorithm\Algorithm.csproj", "{CA1DD4FD-EE0D-47A8-A4F9-BA51FB3F0982}"
EndProject
Project("{FAE04EC0-301F-11D3-BF4B-00C04F79EFBC}") = "Lib", "Lib\Lib.csproj", "{1DABE3E8-7A53-4BD7-BE25-31E4A192A422}"
EndProject
Project("{FAE04EC0-301F-11D3-BF4B-00C04F79EFBC}") = "ConsoleApplication", "ConsoleApplication\ConsoleApplication.csproj", "{EE44D703-1E5B-4D2B-B3A0-A29F10F26AD2}"
EndProject
Global
	GlobalSection(SolutionConfigurationPlatforms) = preSolution
		Debug|Any CPU = Debug|Any CPU
		Release|Any CPU = Release|Any CPU
	EndGlobalSection
	GlobalSection(ProjectConfigurationPlatforms) = postSolution
		{808D3606-1054-4A17-9D11-7719B6F9FF76}.Debug|Any CPU.ActiveCfg = Debug|Any CPU
		{808D3606-1054-4A17-9D11-7719B6F9FF76}.Debug|Any CPU.Build.0 = Debug|Any CPU
		{808D3606-1054-4A17-9D11-7719B6F9FF76}.Release|Any CPU.ActiveCfg = Release|Any CPU
		{808D3606-1054-4A17-9D11-7719B6F9FF76}.Release|Any CPU.Build.0 = Release|Any CPU
		{CA1DD4FD-EE0D-47A8-A4F9-BA51FB3F0982}.Debug|Any CPU.ActiveCfg = Debug|Any CPU
		{CA1DD4FD-EE0D-47A8-A4F9-BA51FB3F0982}.Debug|Any CPU.Build.0 = Debug|Any CPU
		{CA1DD4FD-EE0D-47A8-A4F9-BA51FB3F0982}.Release|Any CPU.ActiveCfg = Release|Any CPU
		{CA1DD4FD-EE0D-47A8-A4F9-BA51FB3F0982}.Release|Any CPU.Build.0 = Release|Any CPU
		{1DABE3E8-7A53-4BD7-BE25-31E4A192A422}.Debug|Any CPU.ActiveCfg = Debug|Any CPU
		{1DABE3E8-7A53-4BD7-BE25-31E4A192A422}.Debug|Any CPU.Build.0 = Debug|Any CPU
		{1DABE3E8-7A53-4BD7-BE25-31E4A192A422}.Release|Any CPU.ActiveCfg = Release|Any CPU
		{1DABE3E8-7A53-4BD7-BE25-31E4A192A422}.Release|Any CPU.Build.0 = Release|Any CPU
		{EE44D703-1E5B-4D2B-B3A0-A29F10F26AD2}.Debug|Any CPU.ActiveCfg = Debug|Any CPU
		{EE44D703-1E5B-4D2B-B3A0-A29F10F26AD2}.Debug|Any CPU.Build.0 = Debug|Any CPU
		{EE44D703-1E5B-4D2B-B3A0-A29F10F26AD2}.Release|Any CPU.ActiveCfg = Release|Any CPU
		{EE44D703-1E5B-4D2B-B3A0-A29F10F26AD2}.Release|Any CPU.Build.0 = Release|Any CPU
	EndGlobalSection
	GlobalSection(SolutionProperties) = preSolution
		HideSolutionNode = FALSE
	EndGlobalSection
EndGlobal
